
Microsoft Visual Studio Solution File, Format Version 12.00
# Visual Studio 15
VisualStudioVersion = 15.0.28307.1585
MinimumVisualStudioVersion = 10.0.40219.1
Project("{888888A0-9F3D-457C-B088-3A5042F75D52}") = "pong game(1)", "pong game(1)\pong game(1).pyproj", "{35530FD0-4342-42A2-90C6-415EA146E283}"
EndProject
Global
	GlobalSection(SolutionConfigurationPlatforms) = preSolution
		Debug|Any CPU = Debug|Any CPU
		Release|Any CPU = Release|Any CPU
	EndGlobalSection
	GlobalSection(ProjectConfigurationPlatforms) = postSolution
		{35530FD0-4342-42A2-90C6-415EA146E283}.Debug|Any CPU.ActiveCfg = Debug|Any CPU
		{35530FD0-4342-42A2-90C6-415EA146E283}.Release|Any CPU.ActiveCfg = Release|Any CPU
	EndGlobalSection
	GlobalSection(SolutionProperties) = preSolution
		HideSolutionNode = FALSE
	EndGlobalSection
	GlobalSection(ExtensibilityGlobals) = postSolution
		SolutionGuid = {7F6FADBE-3C04-4F12-8E8B-5BC89893096F}
	EndGlobalSection
EndGlobal
